schema: '2.0'
stages:
  load_data:
    cmd: python src/load_data.py --config=params.yaml
    deps:
    - path: data_given/winequality.csv
      md5: 8f2d59e0bce29ccd38cba372e1c7c85e
      size: 85742
    - path: src/get_data.py
      md5: 059e20a391030c941c57fcdd964902bf
      size: 646
    - path: src/load_data.py
      md5: b206de7bc92e4b80c1774f0f6da46ff2
      size: 646
    outs:
    - path: data/raw/winequality.csv
      md5: 9d6e4e6ba1a4146fa57fbb723717152c
      size: 91968
  split_data:
    cmd: python src/split_data.py --config=params.yaml
    deps:
    - path: data/raw/winequality.csv
      md5: 9d6e4e6ba1a4146fa57fbb723717152c
      size: 91968
    - path: src/split_data.py
      md5: 119d871130028665a4ea08b72ad5bbe3
      size: 1037
    outs:
    - path: data/processed/test_winequality.csv
      md5: 01718da3bd6e206060ed00667ca1a389
      size: 18510
    - path: data/processed/train_winequality.csv
      md5: 614e5bf32e40315b60c7c6f967be0feb
      size: 73603
  train_and_evaluate:
    cmd: python src/train_evaluate.py --config=params.yaml
    deps:
    - path: data/processed/test_winequality.csv
      md5: 01718da3bd6e206060ed00667ca1a389
      size: 18510
    - path: data/processed/train_winequality.csv
      md5: 614e5bf32e40315b60c7c6f967be0feb
      size: 73603
    - path: src/train_evaluate.py
      md5: 904d0c3c5a1b4bee0694cf4444f1722e
      size: 2439
    params:
      params.yaml:
        estimators.ElasticNet.params.alpha: 0.88
        estimators.ElasticNet.params.l1_ratio: 0.89
    outs:
    - path: report/params.json
      md5: 0568f34313ba7c5e55128b75dbcbee5c
      size: 43
    - path: report/scores.json
      md5: ac89e037063ee307b6d23c8ef0583610
      size: 96
    - path: saved_models/model.joblib
      md5: 4f937468c87d83a38c0446ba5def5042
      size: 1247
